
Microsoft Visual Studio Solution File, Format Version 12.00
# Visual Studio Version 17
VisualStudioVersion = 17.0.31919.166
MinimumVisualStudioVersion = 10.0.40219.1
Project("{FAE04EC0-301F-11D3-BF4B-00C04F79EFBC}") = "DesafioUfnAtos2", "DesafioUfnAtos2\DesafioUfnAtos2.csproj", "{434432B6-44BA-4376-87DB-66A17EF71A02}"
EndProject
Global
	GlobalSection(SolutionConfigurationPlatforms) = preSolution
		Debug|Any CPU = Debug|Any CPU
		Release|Any CPU = Release|Any CPU
	EndGlobalSection
	GlobalSection(ProjectConfigurationPlatforms) = postSolution
		{434432B6-44BA-4376-87DB-66A17EF71A02}.Debug|Any CPU.ActiveCfg = Debug|Any CPU
		{434432B6-44BA-4376-87DB-66A17EF71A02}.Debug|Any CPU.Build.0 = Debug|Any CPU
		{434432B6-44BA-4376-87DB-66A17EF71A02}.Release|Any CPU.ActiveCfg = Release|Any CPU
		{434432B6-44BA-4376-87DB-66A17EF71A02}.Release|Any CPU.Build.0 = Release|Any CPU
	EndGlobalSection
	GlobalSection(SolutionProperties) = preSolution
		HideSolutionNode = FALSE
	EndGlobalSection
	GlobalSection(ExtensibilityGlobals) = postSolution
		SolutionGuid = {7D79AF4A-9D44-423B-8C79-F964BA22756A}
	EndGlobalSection
EndGlobal
